<?xml version="1.0" encoding="utf-8"?>
<Project ToolsVersion="4.0" xmlns="http://schemas.microsoft.com/developer/msbuild/2003">
  <ItemGroup>
    <Filter Include="Source Files">
      <UniqueIdentifier>{4FC737F1-C7A5-4376-A066-2A32D752A2FF}</UniqueIdentifier>
      <Extensions>cpp;cxx;c;def</Extensions>
    </Filter>
    <Filter Include="Header Files">
      <UniqueIdentifier>{93995380-89BD-4b04-88EB-625FBE52EBFB}</UniqueIdentifier>
      <Extensions>h</Extensions>
    </Filter>
    <Filter Include="Generated Files">
      <UniqueIdentifier>{71ED8ED8-ACB9-4CE9-BBE1-E00B30144E11}</UniqueIdentifier>
      <Extensions>moc;h;cpp</Extensions>
      <SourceControlFiles>False</SourceControlFiles>
    </Filter>
    <Filter Include="Resource Files">
      <UniqueIdentifier>{D9D6E242-F8AF-46E4-B9FD-80ECBC20BA3E}</UniqueIdentifier>
      <Extensions>qrc;*</Extensions>
      <ParseFiles>false</ParseFiles>
    </Filter>
    <Filter Include="Generated Files\Debug">
      <UniqueIdentifier>{333b18f4-44ee-4617-b8c5-6bd3c045c8d7}</UniqueIdentifier>
      <Extensions>cpp;moc</Extensions>
      <SourceControlFiles>False</SourceControlFiles>
    </Filter>
    <Filter Include="Generated Files\Release">
      <UniqueIdentifier>{b59b4b49-8bb7-4437-b126-045ff1a5f831}</UniqueIdentifier>
      <Extensions>cpp;moc</Extensions>
      <SourceControlFiles>False</SourceControlFiles>
    </Filter>
    <Filter Include="Other Files">
      <UniqueIdentifier>{B67473BF-9FA1-4674-831E-CB28F72D4791}</UniqueIdentifier>
      <Extensions>*</Extensions>
      <ParseFiles>true</ParseFiles>
    </Filter>
    <Filter Include="QHandlers">
      <UniqueIdentifier>{64f56958-2945-4f85-b2b0-b06405cee754}</UniqueIdentifier>
    </Filter>
    <Filter Include="Delegate">
      <UniqueIdentifier>{baf37a9c-9f2a-4ef9-b754-c4433269a5ab}</UniqueIdentifier>
    </Filter>
    <Filter Include="CEFHandlers">
      <UniqueIdentifier>{c574052e-d948-4863-8a7c-3868fbeffc14}</UniqueIdentifier>
    </Filter>
  </ItemGroup>
  <ItemGroup>
    <ClCompile Include="stdafx.cpp">
      <Filter>Source Files</Filter>
    </ClCompile>
    <ClCompile Include="qcefwebviewplugin.cpp">
      <Filter>Source Files</Filter>
    </ClCompile>
    <ClCompile Include="GeneratedFiles\Debug\moc_qcefwebviewplugin.cpp">
      <Filter>Generated Files\Debug</Filter>
    </ClCompile>
    <ClCompile Include="GeneratedFiles\Release\moc_qcefwebviewplugin.cpp">
      <Filter>Generated Files\Release</Filter>
    </ClCompile>
    <ClCompile Include="GeneratedFiles\Debug\moc_QCefWebView.cpp">
      <Filter>Generated Files\Debug</Filter>
    </ClCompile>
    <ClCompile Include="GeneratedFiles\Release\moc_QCefWebView.cpp">
      <Filter>Generated Files\Release</Filter>
    </ClCompile>
    <ClCompile Include="..\QCefWebView.cpp">
      <Filter>Source Files</Filter>
    </ClCompile>
    <ClCompile Include="..\QCefMessageEvent.cpp">
      <Filter>CEFHandlers</Filter>
    </ClCompile>
    <ClCompile Include="..\QCefClientHandler.cpp">
      <Filter>CEFHandlers</Filter>
    </ClCompile>
    <ClCompile Include="..\QCefClient.cpp">
      <Filter>CEFHandlers</Filter>
    </ClCompile>
    <ClCompile Include="..\QCefClientApp.cpp">
      <Filter>CEFHandlers</Filter>
    </ClCompile>
  </ItemGroup>
  <ItemGroup>
    <ClInclude Include="stdafx.h">
      <Filter>Header Files</Filter>
    </ClInclude>
    <ClInclude Include="..\Delegate\DelegateExt.h">
      <Filter>Delegate</Filter>
    </ClInclude>
    <ClInclude Include="..\QHandlers\QCefLifeSpanHandler.h">
      <Filter>QHandlers</Filter>
    </ClInclude>
    <ClInclude Include="..\QHandlers\QCefDisplayHandler.h">
      <Filter>QHandlers</Filter>
    </ClInclude>
    <ClInclude Include="..\QHandlers\QCefRequestHandler.h">
      <Filter>QHandlers</Filter>
    </ClInclude>
    <ClInclude Include="..\QCefResourceHandler.h">
      <Filter>CEFHandlers</Filter>
    </ClInclude>
    <ClInclude Include="..\QCefClientHandler.h">
      <Filter>CEFHandlers</Filter>
    </ClInclude>
    <ClInclude Include="..\QCefMessageEvent.h">
      <Filter>CEFHandlers</Filter>
    </ClInclude>
    <ClInclude Include="..\QCefClient.h">
      <Filter>CEFHandlers</Filter>
    </ClInclude>
    <ClInclude Include="..\QCefClientApp.h">
      <Filter>CEFHandlers</Filter>
    </ClInclude>
  </ItemGroup>
  <ItemGroup>
    <CustomBuild Include="qcefwebviewplugin.h">
      <Filter>Header Files</Filter>
    </CustomBuild>
    <CustomBuild Include="..\QCefWebView.h">
      <Filter>Header Files</Filter>
    </CustomBuild>
  </ItemGroup>
  <ItemGroup>
    <None Include="qcefwebviewplugin.json">
      <Filter>Other Files</Filter>
    </None>
  </ItemGroup>
</Project>